
Microsoft Visual Studio Solution File, Format Version 12.00
Project("{FAE04EC0-301F-11D3-BF4B-00C04F79EFBC}") = "ConsoleApp1", "ConsoleApp1\ConsoleApp1.csproj", "{D66BD01F-C316-407C-BC25-7BF25825B678}"
EndProject
Project("{FAE04EC0-301F-11D3-BF4B-00C04F79EFBC}") = "ConsoleApp2", "ConsoleApp2\ConsoleApp2.csproj", "{D3B39E8F-E376-46BE-8610-3B0EFF8CDB7E}"
EndProject
Project("{FAE04EC0-301F-11D3-BF4B-00C04F79EFBC}") = "Thrids", "Thrids\Thrids.csproj", "{A8930F11-3AB0-4FCA-8D1F-7859FE12410C}"
EndProject
Project("{FAE04EC0-301F-11D3-BF4B-00C04F79EFBC}") = "ImportantExampleOnTask", "ImportantExampleOnTask\ImportantExampleOnTask.csproj", "{68C68AE9-E0E4-4629-89AC-0A85E336B4AD}"
EndProject
Project("{FAE04EC0-301F-11D3-BF4B-00C04F79EFBC}") = "ThreadSleepVsTaskDelay", "ThreadSleepVsTaskDelay\ThreadSleepVsTaskDelay.csproj", "{6CEEBC9F-0E1B-4DD3-89BF-B3D6866427C8}"
EndProject
Project("{FAE04EC0-301F-11D3-BF4B-00C04F79EFBC}") = "SyncAndAsyncOperations", "SyncAndAsyncOperations\SyncAndAsyncOperations.csproj", "{B598159A-01B7-443F-8E5B-67717C1AD43F}"
EndProject
Project("{FAE04EC0-301F-11D3-BF4B-00C04F79EFBC}") = "LINQ-1", "LINQ-1\LINQ-1.csproj", "{7F0DB6DA-E05F-4796-A9F8-72361E656FBA}"
EndProject
Project("{FAE04EC0-301F-11D3-BF4B-00C04F79EFBC}") = "LINQ-2", "LINQ-2\LINQ-2.csproj", "{596D92B8-2AA7-45C6-A2D1-62F97236AFB4}"
EndProject
Project("{FAE04EC0-301F-11D3-BF4B-00C04F79EFBC}") = "InventoryManagementSystem", "InventoryManagementSystem\InventoryManagementSystem.csproj", "{21453E57-F866-40BE-A425-36584B32FA7B}"
EndProject
Project("{FAE04EC0-301F-11D3-BF4B-00C04F79EFBC}") = "LINQ-3", "LINQ-3\LINQ-3.csproj", "{D902DEA4-97F9-46BC-9A2B-79E87936EB8D}"
EndProject
Project("{FAE04EC0-301F-11D3-BF4B-00C04F79EFBC}") = "LINQ-4", "LINQ-4\LINQ-4.csproj", "{2D1D3412-65B2-4100-9803-2129255B7A32}"
EndProject
Project("{FAE04EC0-301F-11D3-BF4B-00C04F79EFBC}") = "LINQ-5", "LINQ-5\LINQ-5.csproj", "{A7CB227C-043A-4E78-99CD-5971D491727E}"
EndProject
Project("{FAE04EC0-301F-11D3-BF4B-00C04F79EFBC}") = "LINQ-6", "LINQ-6\LINQ-6.csproj", "{5FF1D437-BDB4-4079-95FA-D9F62D2D21F2}"
EndProject
Project("{FAE04EC0-301F-11D3-BF4B-00C04F79EFBC}") = "Airport Ticket Booking Exercise", "Airport Ticket Booking Exercise\Airport Ticket Booking Exercise.csproj", "{193FF56A-3536-4AA9-87F8-37A9779B9356}"
EndProject
Project("{FAE04EC0-301F-11D3-BF4B-00C04F79EFBC}") = "databases", "databases\databases.csproj", "{5C20968C-AF1C-4601-98D6-A897F9A55B4C}"
EndProject
Global
	GlobalSection(SolutionConfigurationPlatforms) = preSolution
		Debug|Any CPU = Debug|Any CPU
		Release|Any CPU = Release|Any CPU
	EndGlobalSection
	GlobalSection(ProjectConfigurationPlatforms) = postSolution
		{D66BD01F-C316-407C-BC25-7BF25825B678}.Debug|Any CPU.ActiveCfg = Debug|Any CPU
		{D66BD01F-C316-407C-BC25-7BF25825B678}.Debug|Any CPU.Build.0 = Debug|Any CPU
		{D66BD01F-C316-407C-BC25-7BF25825B678}.Release|Any CPU.ActiveCfg = Release|Any CPU
		{D66BD01F-C316-407C-BC25-7BF25825B678}.Release|Any CPU.Build.0 = Release|Any CPU
		{D3B39E8F-E376-46BE-8610-3B0EFF8CDB7E}.Debug|Any CPU.ActiveCfg = Debug|Any CPU
		{D3B39E8F-E376-46BE-8610-3B0EFF8CDB7E}.Debug|Any CPU.Build.0 = Debug|Any CPU
		{D3B39E8F-E376-46BE-8610-3B0EFF8CDB7E}.Release|Any CPU.ActiveCfg = Release|Any CPU
		{D3B39E8F-E376-46BE-8610-3B0EFF8CDB7E}.Release|Any CPU.Build.0 = Release|Any CPU
		{A8930F11-3AB0-4FCA-8D1F-7859FE12410C}.Debug|Any CPU.ActiveCfg = Debug|Any CPU
		{A8930F11-3AB0-4FCA-8D1F-7859FE12410C}.Debug|Any CPU.Build.0 = Debug|Any CPU
		{A8930F11-3AB0-4FCA-8D1F-7859FE12410C}.Release|Any CPU.ActiveCfg = Release|Any CPU
		{A8930F11-3AB0-4FCA-8D1F-7859FE12410C}.Release|Any CPU.Build.0 = Release|Any CPU
		{68C68AE9-E0E4-4629-89AC-0A85E336B4AD}.Debug|Any CPU.ActiveCfg = Debug|Any CPU
		{68C68AE9-E0E4-4629-89AC-0A85E336B4AD}.Debug|Any CPU.Build.0 = Debug|Any CPU
		{68C68AE9-E0E4-4629-89AC-0A85E336B4AD}.Release|Any CPU.ActiveCfg = Release|Any CPU
		{68C68AE9-E0E4-4629-89AC-0A85E336B4AD}.Release|Any CPU.Build.0 = Release|Any CPU
		{6CEEBC9F-0E1B-4DD3-89BF-B3D6866427C8}.Debug|Any CPU.ActiveCfg = Debug|Any CPU
		{6CEEBC9F-0E1B-4DD3-89BF-B3D6866427C8}.Debug|Any CPU.Build.0 = Debug|Any CPU
		{6CEEBC9F-0E1B-4DD3-89BF-B3D6866427C8}.Release|Any CPU.ActiveCfg = Release|Any CPU
		{6CEEBC9F-0E1B-4DD3-89BF-B3D6866427C8}.Release|Any CPU.Build.0 = Release|Any CPU
		{B598159A-01B7-443F-8E5B-67717C1AD43F}.Debug|Any CPU.ActiveCfg = Debug|Any CPU
		{B598159A-01B7-443F-8E5B-67717C1AD43F}.Debug|Any CPU.Build.0 = Debug|Any CPU
		{B598159A-01B7-443F-8E5B-67717C1AD43F}.Release|Any CPU.ActiveCfg = Release|Any CPU
		{B598159A-01B7-443F-8E5B-67717C1AD43F}.Release|Any CPU.Build.0 = Release|Any CPU
		{7F0DB6DA-E05F-4796-A9F8-72361E656FBA}.Debug|Any CPU.ActiveCfg = Debug|Any CPU
		{7F0DB6DA-E05F-4796-A9F8-72361E656FBA}.Debug|Any CPU.Build.0 = Debug|Any CPU
		{7F0DB6DA-E05F-4796-A9F8-72361E656FBA}.Release|Any CPU.ActiveCfg = Release|Any CPU
		{7F0DB6DA-E05F-4796-A9F8-72361E656FBA}.Release|Any CPU.Build.0 = Release|Any CPU
		{596D92B8-2AA7-45C6-A2D1-62F97236AFB4}.Debug|Any CPU.ActiveCfg = Debug|Any CPU
		{596D92B8-2AA7-45C6-A2D1-62F97236AFB4}.Debug|Any CPU.Build.0 = Debug|Any CPU
		{596D92B8-2AA7-45C6-A2D1-62F97236AFB4}.Release|Any CPU.ActiveCfg = Release|Any CPU
		{596D92B8-2AA7-45C6-A2D1-62F97236AFB4}.Release|Any CPU.Build.0 = Release|Any CPU
		{21453E57-F866-40BE-A425-36584B32FA7B}.Debug|Any CPU.ActiveCfg = Debug|Any CPU
		{21453E57-F866-40BE-A425-36584B32FA7B}.Debug|Any CPU.Build.0 = Debug|Any CPU
		{21453E57-F866-40BE-A425-36584B32FA7B}.Release|Any CPU.ActiveCfg = Release|Any CPU
		{21453E57-F866-40BE-A425-36584B32FA7B}.Release|Any CPU.Build.0 = Release|Any CPU
		{D902DEA4-97F9-46BC-9A2B-79E87936EB8D}.Debug|Any CPU.ActiveCfg = Debug|Any CPU
		{D902DEA4-97F9-46BC-9A2B-79E87936EB8D}.Debug|Any CPU.Build.0 = Debug|Any CPU
		{D902DEA4-97F9-46BC-9A2B-79E87936EB8D}.Release|Any CPU.ActiveCfg = Release|Any CPU
		{D902DEA4-97F9-46BC-9A2B-79E87936EB8D}.Release|Any CPU.Build.0 = Release|Any CPU
		{2D1D3412-65B2-4100-9803-2129255B7A32}.Debug|Any CPU.ActiveCfg = Debug|Any CPU
		{2D1D3412-65B2-4100-9803-2129255B7A32}.Debug|Any CPU.Build.0 = Debug|Any CPU
		{2D1D3412-65B2-4100-9803-2129255B7A32}.Release|Any CPU.ActiveCfg = Release|Any CPU
		{2D1D3412-65B2-4100-9803-2129255B7A32}.Release|Any CPU.Build.0 = Release|Any CPU
		{A7CB227C-043A-4E78-99CD-5971D491727E}.Debug|Any CPU.ActiveCfg = Debug|Any CPU
		{A7CB227C-043A-4E78-99CD-5971D491727E}.Debug|Any CPU.Build.0 = Debug|Any CPU
		{A7CB227C-043A-4E78-99CD-5971D491727E}.Release|Any CPU.ActiveCfg = Release|Any CPU
		{A7CB227C-043A-4E78-99CD-5971D491727E}.Release|Any CPU.Build.0 = Release|Any CPU
		{5FF1D437-BDB4-4079-95FA-D9F62D2D21F2}.Debug|Any CPU.ActiveCfg = Debug|Any CPU
		{5FF1D437-BDB4-4079-95FA-D9F62D2D21F2}.Debug|Any CPU.Build.0 = Debug|Any CPU
		{5FF1D437-BDB4-4079-95FA-D9F62D2D21F2}.Release|Any CPU.ActiveCfg = Release|Any CPU
		{5FF1D437-BDB4-4079-95FA-D9F62D2D21F2}.Release|Any CPU.Build.0 = Release|Any CPU
		{193FF56A-3536-4AA9-87F8-37A9779B9356}.Debug|Any CPU.ActiveCfg = Debug|Any CPU
		{193FF56A-3536-4AA9-87F8-37A9779B9356}.Debug|Any CPU.Build.0 = Debug|Any CPU
		{193FF56A-3536-4AA9-87F8-37A9779B9356}.Release|Any CPU.ActiveCfg = Release|Any CPU
		{193FF56A-3536-4AA9-87F8-37A9779B9356}.Release|Any CPU.Build.0 = Release|Any CPU
		{5C20968C-AF1C-4601-98D6-A897F9A55B4C}.Debug|Any CPU.ActiveCfg = Debug|Any CPU
		{5C20968C-AF1C-4601-98D6-A897F9A55B4C}.Debug|Any CPU.Build.0 = Debug|Any CPU
		{5C20968C-AF1C-4601-98D6-A897F9A55B4C}.Release|Any CPU.ActiveCfg = Release|Any CPU
		{5C20968C-AF1C-4601-98D6-A897F9A55B4C}.Release|Any CPU.Build.0 = Release|Any CPU
	EndGlobalSection
EndGlobal
