
Microsoft Visual Studio Solution File, Format Version 12.00
Project("{FAE04EC0-301F-11D3-BF4B-00C04F79EFBC}") = "EF005.SetupEFCoreModel", "EF005.SetupEFCoreModel\EF005.SetupEFCoreModel.csproj", "{7D50560B-EA03-4769-98EF-7DD927888108}"
EndProject
Project("{FAE04EC0-301F-11D3-BF4B-00C04F79EFBC}") = "ExternalConfiguraton", "ExternalConfiguraton\ExternalConfiguraton.csproj", "{6749502C-0B70-47E6-B57C-091D6C6E58B1}"
EndProject
Project("{FAE04EC0-301F-11D3-BF4B-00C04F79EFBC}") = "EF006.UsingDependancyInjection", "EF006.UsingDependancyInjection\EF006.UsingDependancyInjection.csproj", "{CFBA6076-2AFD-44CE-A1AB-7C26403D852A}"
EndProject
Project("{FAE04EC0-301F-11D3-BF4B-00C04F79EFBC}") = "EF006.DbContextAndConcurrency", "EF006.DbContextAndConcurrency\EF006.DbContextAndConcurrency.csproj", "{26E3B24D-AC68-4A70-91CB-2B198D1E8FD1}"
EndProject
Global
	GlobalSection(SolutionConfigurationPlatforms) = preSolution
		Debug|Any CPU = Debug|Any CPU
		Release|Any CPU = Release|Any CPU
	EndGlobalSection
	GlobalSection(ProjectConfigurationPlatforms) = postSolution
		{7D50560B-EA03-4769-98EF-7DD927888108}.Debug|Any CPU.ActiveCfg = Debug|Any CPU
		{7D50560B-EA03-4769-98EF-7DD927888108}.Debug|Any CPU.Build.0 = Debug|Any CPU
		{7D50560B-EA03-4769-98EF-7DD927888108}.Release|Any CPU.ActiveCfg = Release|Any CPU
		{7D50560B-EA03-4769-98EF-7DD927888108}.Release|Any CPU.Build.0 = Release|Any CPU
		{6749502C-0B70-47E6-B57C-091D6C6E58B1}.Debug|Any CPU.ActiveCfg = Debug|Any CPU
		{6749502C-0B70-47E6-B57C-091D6C6E58B1}.Debug|Any CPU.Build.0 = Debug|Any CPU
		{6749502C-0B70-47E6-B57C-091D6C6E58B1}.Release|Any CPU.ActiveCfg = Release|Any CPU
		{6749502C-0B70-47E6-B57C-091D6C6E58B1}.Release|Any CPU.Build.0 = Release|Any CPU
		{CFBA6076-2AFD-44CE-A1AB-7C26403D852A}.Debug|Any CPU.ActiveCfg = Debug|Any CPU
		{CFBA6076-2AFD-44CE-A1AB-7C26403D852A}.Debug|Any CPU.Build.0 = Debug|Any CPU
		{CFBA6076-2AFD-44CE-A1AB-7C26403D852A}.Release|Any CPU.ActiveCfg = Release|Any CPU
		{CFBA6076-2AFD-44CE-A1AB-7C26403D852A}.Release|Any CPU.Build.0 = Release|Any CPU
		{26E3B24D-AC68-4A70-91CB-2B198D1E8FD1}.Debug|Any CPU.ActiveCfg = Debug|Any CPU
		{26E3B24D-AC68-4A70-91CB-2B198D1E8FD1}.Debug|Any CPU.Build.0 = Debug|Any CPU
		{26E3B24D-AC68-4A70-91CB-2B198D1E8FD1}.Release|Any CPU.ActiveCfg = Release|Any CPU
		{26E3B24D-AC68-4A70-91CB-2B198D1E8FD1}.Release|Any CPU.Build.0 = Release|Any CPU
	EndGlobalSection
EndGlobal
